version = 1
requires-python = ">=3.12"

[[package]]
name = "asyncio-atexit"
version = "1.0.1"
source = { registry = "https://pypi.org/simple" }
sdist = { url = "https://files.pythonhosted.org/packages/22/d3/dd2974be3f67c7ec96e0d6ab454429d0372cb7c7bffa3d0ac67a483cb801/asyncio-atexit-1.0.1.tar.gz", hash = "sha256:1d0c71544b8ee2c484d322844ee72c0875dde6f250c0ed5b6993592ab9f7d436", size = 4373 }
wheels = [
    { url = "https://files.pythonhosted.org/packages/65/10/d6abaefa57a52646651fd0383c056280b0853c0106229ece6bb38cd14463/asyncio_atexit-1.0.1-py3-none-any.whl", hash = "sha256:d93d5f7d5633a534abd521ce2896ed0fbe8de170bb1e65ec871d1c20eac9d376", size = 3752 },
]

[[package]]
name = "deprecated"
version = "1.2.15"
source = { registry = "https://pypi.org/simple" }
dependencies = [
    { name = "wrapt" },
]
sdist = { url = "https://files.pythonhosted.org/packages/2e/a3/53e7d78a6850ffdd394d7048a31a6f14e44900adedf190f9a165f6b69439/deprecated-1.2.15.tar.gz", hash = "sha256:683e561a90de76239796e6b6feac66b99030d2dd3fcf61ef996330f14bbb9b0d", size = 2977612 }
wheels = [
    { url = "https://files.pythonhosted.org/packages/1d/8f/c7f227eb42cfeaddce3eb0c96c60cbca37797fa7b34f8e1aeadf6c5c0983/Deprecated-1.2.15-py2.py3-none-any.whl", hash = "sha256:353bc4a8ac4bfc96800ddab349d89c25dec1079f65fd53acdcc1e0b975b21320", size = 9941 },
]

[[package]]
name = "mss"
version = "10.0.0"
source = { registry = "https://pypi.org/simple" }
sdist = { url = "https://files.pythonhosted.org/packages/be/2c/6a50c69793918502b4391729bd5741964c9f8ccc98c8482d4a680384923b/mss-10.0.0.tar.gz", hash = "sha256:d903e0d51262bf0f8782841cf16eaa6d7e3e1f12eae35ab41c2e318837c6637f", size = 83127 }
wheels = [
    { url = "https://files.pythonhosted.org/packages/29/aa/b897ae9e1c1616e4df9fb319637ef6a9d07cca6d46de6b59c80209f006a4/mss-10.0.0-py3-none-any.whl", hash = "sha256:82cf6460a53d09e79b7b6d871163c982e6c7e9649c426e7b7591b74956d5cb64", size = 24050 },
]

[[package]]
name = "mypy"
version = "1.13.0"
source = { registry = "https://pypi.org/simple" }
dependencies = [
    { name = "mypy-extensions" },
    { name = "typing-extensions" },
]
sdist = { url = "https://files.pythonhosted.org/packages/e8/21/7e9e523537991d145ab8a0a2fd98548d67646dc2aaaf6091c31ad883e7c1/mypy-1.13.0.tar.gz", hash = "sha256:0291a61b6fbf3e6673e3405cfcc0e7650bebc7939659fdca2702958038bd835e", size = 3152532 }
wheels = [
    { url = "https://files.pythonhosted.org/packages/fb/31/c526a7bd2e5c710ae47717c7a5f53f616db6d9097caf48ad650581e81748/mypy-1.13.0-cp312-cp312-macosx_10_13_x86_64.whl", hash = "sha256:5c7051a3461ae84dfb5dd15eff5094640c61c5f22257c8b766794e6dd85e72d5", size = 11077900 },
    { url = "https://files.pythonhosted.org/packages/83/67/b7419c6b503679d10bd26fc67529bc6a1f7a5f220bbb9f292dc10d33352f/mypy-1.13.0-cp312-cp312-macosx_11_0_arm64.whl", hash = "sha256:39bb21c69a5d6342f4ce526e4584bc5c197fd20a60d14a8624d8743fffb9472e", size = 10074818 },
    { url = "https://files.pythonhosted.org/packages/ba/07/37d67048786ae84e6612575e173d713c9a05d0ae495dde1e68d972207d98/mypy-1.13.0-cp312-cp312-manylinux_2_17_x86_64.manylinux2014_x86_64.manylinux_2_28_x86_64.whl", hash = "sha256:164f28cb9d6367439031f4c81e84d3ccaa1e19232d9d05d37cb0bd880d3f93c2", size = 12589275 },
    { url = "https://files.pythonhosted.org/packages/1f/17/b1018c6bb3e9f1ce3956722b3bf91bff86c1cefccca71cec05eae49d6d41/mypy-1.13.0-cp312-cp312-musllinux_1_1_x86_64.whl", hash = "sha256:a4c1bfcdbce96ff5d96fc9b08e3831acb30dc44ab02671eca5953eadad07d6d0", size = 13037783 },
    { url = "https://files.pythonhosted.org/packages/cb/32/cd540755579e54a88099aee0287086d996f5a24281a673f78a0e14dba150/mypy-1.13.0-cp312-cp312-win_amd64.whl", hash = "sha256:a0affb3a79a256b4183ba09811e3577c5163ed06685e4d4b46429a271ba174d2", size = 9726197 },
    { url = "https://files.pythonhosted.org/packages/11/bb/ab4cfdc562cad80418f077d8be9b4491ee4fb257440da951b85cbb0a639e/mypy-1.13.0-cp313-cp313-macosx_10_13_x86_64.whl", hash = "sha256:a7b44178c9760ce1a43f544e595d35ed61ac2c3de306599fa59b38a6048e1aa7", size = 11069721 },
    { url = "https://files.pythonhosted.org/packages/59/3b/a393b1607cb749ea2c621def5ba8c58308ff05e30d9dbdc7c15028bca111/mypy-1.13.0-cp313-cp313-macosx_11_0_arm64.whl", hash = "sha256:5d5092efb8516d08440e36626f0153b5006d4088c1d663d88bf79625af3d1d62", size = 10063996 },
    { url = "https://files.pythonhosted.org/packages/d1/1f/6b76be289a5a521bb1caedc1f08e76ff17ab59061007f201a8a18cc514d1/mypy-1.13.0-cp313-cp313-manylinux_2_17_x86_64.manylinux2014_x86_64.manylinux_2_28_x86_64.whl", hash = "sha256:de2904956dac40ced10931ac967ae63c5089bd498542194b436eb097a9f77bc8", size = 12584043 },
    { url = "https://files.pythonhosted.org/packages/a6/83/5a85c9a5976c6f96e3a5a7591aa28b4a6ca3a07e9e5ba0cec090c8b596d6/mypy-1.13.0-cp313-cp313-musllinux_1_1_x86_64.whl", hash = "sha256:7bfd8836970d33c2105562650656b6846149374dc8ed77d98424b40b09340ba7", size = 13036996 },
    { url = "https://files.pythonhosted.org/packages/b4/59/c39a6f752f1f893fccbcf1bdd2aca67c79c842402b5283563d006a67cf76/mypy-1.13.0-cp313-cp313-win_amd64.whl", hash = "sha256:9f73dba9ec77acb86457a8fc04b5239822df0c14a082564737833d2963677dbc", size = 9737709 },
    { url = "https://files.pythonhosted.org/packages/3b/86/72ce7f57431d87a7ff17d442f521146a6585019eb8f4f31b7c02801f78ad/mypy-1.13.0-py3-none-any.whl", hash = "sha256:9c250883f9fd81d212e0952c92dbfcc96fc237f4b7c92f56ac81fd48460b3e5a", size = 2647043 },
]

[[package]]
name = "mypy-extensions"
version = "1.0.0"
source = { registry = "https://pypi.org/simple" }
sdist = { url = "https://files.pythonhosted.org/packages/98/a4/1ab47638b92648243faf97a5aeb6ea83059cc3624972ab6b8d2316078d3f/mypy_extensions-1.0.0.tar.gz", hash = "sha256:75dbf8955dc00442a438fc4d0666508a9a97b6bd41aa2f0ffe9d2f2725af0782", size = 4433 }
wheels = [
    { url = "https://files.pythonhosted.org/packages/2a/e2/5d3f6ada4297caebe1a2add3b126fe800c96f56dbe5d1988a2cbe0b267aa/mypy_extensions-1.0.0-py3-none-any.whl", hash = "sha256:4392f6c0eb8a5668a69e23d168ffa70f0be9ccfd32b5cc2d26a34ae5b844552d", size = 4695 },
]

[[package]]
name = "ruff"
version = "0.7.4"
source = { registry = "https://pypi.org/simple" }
sdist = { url = "https://files.pythonhosted.org/packages/0b/8b/bc4e0dfa1245b07cf14300e10319b98e958a53ff074c1dd86b35253a8c2a/ruff-0.7.4.tar.gz", hash = "sha256:cd12e35031f5af6b9b93715d8c4f40360070b2041f81273d0527683d5708fce2", size = 3275547 }
wheels = [
    { url = "https://files.pythonhosted.org/packages/e6/4b/f5094719e254829766b807dadb766841124daba75a37da83e292ae5ad12f/ruff-0.7.4-py3-none-linux_armv6l.whl", hash = "sha256:a4919925e7684a3f18e18243cd6bea7cfb8e968a6eaa8437971f681b7ec51478", size = 10447512 },
    { url = "https://files.pythonhosted.org/packages/9e/1d/3d2d2c9f601cf6044799c5349ff5267467224cefed9b35edf5f1f36486e9/ruff-0.7.4-py3-none-macosx_10_12_x86_64.whl", hash = "sha256:cfb365c135b830778dda8c04fb7d4280ed0b984e1aec27f574445231e20d6c63", size = 10235436 },
    { url = "https://files.pythonhosted.org/packages/62/83/42a6ec6216ded30b354b13e0e9327ef75a3c147751aaf10443756cb690e9/ruff-0.7.4-py3-none-macosx_11_0_arm64.whl", hash = "sha256:63a569b36bc66fbadec5beaa539dd81e0527cb258b94e29e0531ce41bacc1f20", size = 9888936 },
    { url = "https://files.pythonhosted.org/packages/4d/26/e1e54893b13046a6ad05ee9b89ee6f71542ba250f72b4c7a7d17c3dbf73d/ruff-0.7.4-py3-none-manylinux_2_17_aarch64.manylinux2014_aarch64.whl", hash = "sha256:0d06218747d361d06fd2fdac734e7fa92df36df93035db3dc2ad7aa9852cb109", size = 10697353 },
    { url = "https://files.pythonhosted.org/packages/21/24/98d2e109c4efc02bfef144ec6ea2c3e1217e7ce0cfddda8361d268dfd499/ruff-0.7.4-py3-none-manylinux_2_17_armv7l.manylinux2014_armv7l.whl", hash = "sha256:e0cea28d0944f74ebc33e9f934238f15c758841f9f5edd180b5315c203293452", size = 10228078 },
    { url = "https://files.pythonhosted.org/packages/ad/b7/964c75be9bc2945fc3172241b371197bb6d948cc69e28bc4518448c368f3/ruff-0.7.4-py3-none-manylinux_2_17_i686.manylinux2014_i686.whl", hash = "sha256:80094ecd4793c68b2571b128f91754d60f692d64bc0d7272ec9197fdd09bf9ea", size = 11264823 },
    { url = "https://files.pythonhosted.org/packages/12/8d/20abdbf705969914ce40988fe71a554a918deaab62c38ec07483e77866f6/ruff-0.7.4-py3-none-manylinux_2_17_ppc64.manylinux2014_ppc64.whl", hash = "sha256:997512325c6620d1c4c2b15db49ef59543ef9cd0f4aa8065ec2ae5103cedc7e7", size = 11951855 },
    { url = "https://files.pythonhosted.org/packages/b8/fc/6519ce58c57b4edafcdf40920b7273dfbba64fc6ebcaae7b88e4dc1bf0a8/ruff-0.7.4-py3-none-manylinux_2_17_ppc64le.manylinux2014_ppc64le.whl", hash = "sha256:00b4cf3a6b5fad6d1a66e7574d78956bbd09abfd6c8a997798f01f5da3d46a05", size = 11516580 },
    { url = "https://files.pythonhosted.org/packages/37/1a/5ec1844e993e376a86eb2456496831ed91b4398c434d8244f89094758940/ruff-0.7.4-py3-none-manylinux_2_17_s390x.manylinux2014_s390x.whl", hash = "sha256:7dbdc7d8274e1422722933d1edddfdc65b4336abf0b16dfcb9dedd6e6a517d06", size = 12692057 },
    { url = "https://files.pythonhosted.org/packages/50/90/76867152b0d3c05df29a74bb028413e90f704f0f6701c4801174ba47f959/ruff-0.7.4-py3-none-manylinux_2_17_x86_64.manylinux2014_x86_64.whl", hash = "sha256:0e92dfb5f00eaedb1501b2f906ccabfd67b2355bdf117fea9719fc99ac2145bc", size = 11085137 },
    { url = "https://files.pythonhosted.org/packages/c8/eb/0a7cb6059ac3555243bd026bb21785bbc812f7bbfa95a36c101bd72b47ae/ruff-0.7.4-py3-none-musllinux_1_2_aarch64.whl", hash = "sha256:3bd726099f277d735dc38900b6a8d6cf070f80828877941983a57bca1cd92172", size = 10681243 },
    { url = "https://files.pythonhosted.org/packages/5e/76/2270719dbee0fd35780b05c08a07b7a726c3da9f67d9ae89ef21fc18e2e5/ruff-0.7.4-py3-none-musllinux_1_2_armv7l.whl", hash = "sha256:2e32829c429dd081ee5ba39aef436603e5b22335c3d3fff013cd585806a6486a", size = 10319187 },
    { url = "https://files.pythonhosted.org/packages/9f/e5/39100f72f8ba70bec1bd329efc880dea8b6c1765ea1cb9d0c1c5f18b8d7f/ruff-0.7.4-py3-none-musllinux_1_2_i686.whl", hash = "sha256:662a63b4971807623f6f90c1fb664613f67cc182dc4d991471c23c541fee62dd", size = 10803715 },
    { url = "https://files.pythonhosted.org/packages/a5/89/40e904784f305fb56850063f70a998a64ebba68796d823dde67e89a24691/ruff-0.7.4-py3-none-musllinux_1_2_x86_64.whl", hash = "sha256:876f5e09eaae3eb76814c1d3b68879891d6fde4824c015d48e7a7da4cf066a3a", size = 11162912 },
    { url = "https://files.pythonhosted.org/packages/8d/1b/dd77503b3875c51e3dbc053fd8367b845ab8b01c9ca6d0c237082732856c/ruff-0.7.4-py3-none-win32.whl", hash = "sha256:75c53f54904be42dd52a548728a5b572344b50d9b2873d13a3f8c5e3b91f5cac", size = 8702767 },
    { url = "https://files.pythonhosted.org/packages/63/76/253ddc3e89e70165bba952ecca424b980b8d3c2598ceb4fc47904f424953/ruff-0.7.4-py3-none-win_amd64.whl", hash = "sha256:745775c7b39f914238ed1f1b0bebed0b9155a17cd8bc0b08d3c87e4703b990d6", size = 9497534 },
    { url = "https://files.pythonhosted.org/packages/aa/70/f8724f31abc0b329ca98b33d73c14020168babcf71b0cba3cded5d9d0e66/ruff-0.7.4-py3-none-win_arm64.whl", hash = "sha256:11bff065102c3ae9d3ea4dc9ecdfe5a5171349cdd0787c1fc64761212fc9cf1f", size = 8851590 },
]

[[package]]
name = "typing-extensions"
version = "4.12.2"
source = { registry = "https://pypi.org/simple" }
sdist = { url = "https://files.pythonhosted.org/packages/df/db/f35a00659bc03fec321ba8bce9420de607a1d37f8342eee1863174c69557/typing_extensions-4.12.2.tar.gz", hash = "sha256:1a7ead55c7e559dd4dee8856e3a88b41225abfe1ce8df57b7c13915fe121ffb8", size = 85321 }
wheels = [
    { url = "https://files.pythonhosted.org/packages/26/9f/ad63fc0248c5379346306f8668cda6e2e2e9c95e01216d2b8ffd9ff037d0/typing_extensions-4.12.2-py3-none-any.whl", hash = "sha256:04e5ca0351e0f3f85c6853954072df659d0d13fac324d0072316b67d7794700d", size = 37438 },
]

[[package]]
name = "websockets"
version = "13.1"
source = { registry = "https://pypi.org/simple" }
sdist = { url = "https://files.pythonhosted.org/packages/e2/73/9223dbc7be3dcaf2a7bbf756c351ec8da04b1fa573edaf545b95f6b0c7fd/websockets-13.1.tar.gz", hash = "sha256:a3b3366087c1bc0a2795111edcadddb8b3b59509d5db5d7ea3fdd69f954a8878", size = 158549 }
wheels = [
    { url = "https://files.pythonhosted.org/packages/df/46/c426282f543b3c0296cf964aa5a7bb17e984f58dde23460c3d39b3148fcf/websockets-13.1-cp312-cp312-macosx_10_9_universal2.whl", hash = "sha256:9d75baf00138f80b48f1eac72ad1535aac0b6461265a0bcad391fc5aba875cfc", size = 157821 },
    { url = "https://files.pythonhosted.org/packages/aa/85/22529867010baac258da7c45848f9415e6cf37fef00a43856627806ffd04/websockets-13.1-cp312-cp312-macosx_10_9_x86_64.whl", hash = "sha256:9b6f347deb3dcfbfde1c20baa21c2ac0751afaa73e64e5b693bb2b848efeaa49", size = 155480 },
    { url = "https://files.pythonhosted.org/packages/29/2c/bdb339bfbde0119a6e84af43ebf6275278698a2241c2719afc0d8b0bdbf2/websockets-13.1-cp312-cp312-macosx_11_0_arm64.whl", hash = "sha256:de58647e3f9c42f13f90ac7e5f58900c80a39019848c5547bc691693098ae1bd", size = 155715 },
    { url = "https://files.pythonhosted.org/packages/9f/d0/8612029ea04c5c22bf7af2fd3d63876c4eaeef9b97e86c11972a43aa0e6c/websockets-13.1-cp312-cp312-manylinux_2_17_aarch64.manylinux2014_aarch64.whl", hash = "sha256:a1b54689e38d1279a51d11e3467dd2f3a50f5f2e879012ce8f2d6943f00e83f0", size = 165647 },
    { url = "https://files.pythonhosted.org/packages/56/04/1681ed516fa19ca9083f26d3f3a302257e0911ba75009533ed60fbb7b8d1/websockets-13.1-cp312-cp312-manylinux_2_5_i686.manylinux1_i686.manylinux_2_17_i686.manylinux2014_i686.whl", hash = "sha256:cf1781ef73c073e6b0f90af841aaf98501f975d306bbf6221683dd594ccc52b6", size = 164592 },
    { url = "https://files.pythonhosted.org/packages/38/6f/a96417a49c0ed132bb6087e8e39a37db851c70974f5c724a4b2a70066996/websockets-13.1-cp312-cp312-manylinux_2_5_x86_64.manylinux1_x86_64.manylinux_2_17_x86_64.manylinux2014_x86_64.whl", hash = "sha256:8d23b88b9388ed85c6faf0e74d8dec4f4d3baf3ecf20a65a47b836d56260d4b9", size = 165012 },
    { url = "https://files.pythonhosted.org/packages/40/8b/fccf294919a1b37d190e86042e1a907b8f66cff2b61e9befdbce03783e25/websockets-13.1-cp312-cp312-musllinux_1_2_aarch64.whl", hash = "sha256:3c78383585f47ccb0fcf186dcb8a43f5438bd7d8f47d69e0b56f71bf431a0a68", size = 165311 },
    { url = "https://files.pythonhosted.org/packages/c1/61/f8615cf7ce5fe538476ab6b4defff52beb7262ff8a73d5ef386322d9761d/websockets-13.1-cp312-cp312-musllinux_1_2_i686.whl", hash = "sha256:d6d300f8ec35c24025ceb9b9019ae9040c1ab2f01cddc2bcc0b518af31c75c14", size = 164692 },
    { url = "https://files.pythonhosted.org/packages/5c/f1/a29dd6046d3a722d26f182b783a7997d25298873a14028c4760347974ea3/websockets-13.1-cp312-cp312-musllinux_1_2_x86_64.whl", hash = "sha256:a9dcaf8b0cc72a392760bb8755922c03e17a5a54e08cca58e8b74f6902b433cf", size = 164686 },
    { url = "https://files.pythonhosted.org/packages/0f/99/ab1cdb282f7e595391226f03f9b498f52109d25a2ba03832e21614967dfa/websockets-13.1-cp312-cp312-win32.whl", hash = "sha256:2f85cf4f2a1ba8f602298a853cec8526c2ca42a9a4b947ec236eaedb8f2dc80c", size = 158712 },
    { url = "https://files.pythonhosted.org/packages/46/93/e19160db48b5581feac8468330aa11b7292880a94a37d7030478596cc14e/websockets-13.1-cp312-cp312-win_amd64.whl", hash = "sha256:38377f8b0cdeee97c552d20cf1865695fcd56aba155ad1b4ca8779a5b6ef4ac3", size = 159145 },
    { url = "https://files.pythonhosted.org/packages/51/20/2b99ca918e1cbd33c53db2cace5f0c0cd8296fc77558e1908799c712e1cd/websockets-13.1-cp313-cp313-macosx_10_13_universal2.whl", hash = "sha256:a9ab1e71d3d2e54a0aa646ab6d4eebfaa5f416fe78dfe4da2839525dc5d765c6", size = 157828 },
    { url = "https://files.pythonhosted.org/packages/b8/47/0932a71d3d9c0e9483174f60713c84cee58d62839a143f21a2bcdbd2d205/websockets-13.1-cp313-cp313-macosx_10_13_x86_64.whl", hash = "sha256:b9d7439d7fab4dce00570bb906875734df13d9faa4b48e261c440a5fec6d9708", size = 155487 },
    { url = "https://files.pythonhosted.org/packages/a9/60/f1711eb59ac7a6c5e98e5637fef5302f45b6f76a2c9d64fd83bbb341377a/websockets-13.1-cp313-cp313-macosx_11_0_arm64.whl", hash = "sha256:327b74e915cf13c5931334c61e1a41040e365d380f812513a255aa804b183418", size = 155721 },
    { url = "https://files.pythonhosted.org/packages/6a/e6/ba9a8db7f9d9b0e5f829cf626ff32677f39824968317223605a6b419d445/websockets-13.1-cp313-cp313-manylinux_2_17_aarch64.manylinux2014_aarch64.whl", hash = "sha256:325b1ccdbf5e5725fdcb1b0e9ad4d2545056479d0eee392c291c1bf76206435a", size = 165609 },
    { url = "https://files.pythonhosted.org/packages/c1/22/4ec80f1b9c27a0aebd84ccd857252eda8418ab9681eb571b37ca4c5e1305/websockets-13.1-cp313-cp313-manylinux_2_5_i686.manylinux1_i686.manylinux_2_17_i686.manylinux2014_i686.whl", hash = "sha256:346bee67a65f189e0e33f520f253d5147ab76ae42493804319b5716e46dddf0f", size = 164556 },
    { url = "https://files.pythonhosted.org/packages/27/ac/35f423cb6bb15600438db80755609d27eda36d4c0b3c9d745ea12766c45e/websockets-13.1-cp313-cp313-manylinux_2_5_x86_64.manylinux1_x86_64.manylinux_2_17_x86_64.manylinux2014_x86_64.whl", hash = "sha256:91a0fa841646320ec0d3accdff5b757b06e2e5c86ba32af2e0815c96c7a603c5", size = 164993 },
    { url = "https://files.pythonhosted.org/packages/31/4e/98db4fd267f8be9e52e86b6ee4e9aa7c42b83452ea0ea0672f176224b977/websockets-13.1-cp313-cp313-musllinux_1_2_aarch64.whl", hash = "sha256:18503d2c5f3943e93819238bf20df71982d193f73dcecd26c94514f417f6b135", size = 165360 },
    { url = "https://files.pythonhosted.org/packages/3f/15/3f0de7cda70ffc94b7e7024544072bc5b26e2c1eb36545291abb755d8cdb/websockets-13.1-cp313-cp313-musllinux_1_2_i686.whl", hash = "sha256:a9cd1af7e18e5221d2878378fbc287a14cd527fdd5939ed56a18df8a31136bb2", size = 164745 },
    { url = "https://files.pythonhosted.org/packages/a1/6e/66b6b756aebbd680b934c8bdbb6dcb9ce45aad72cde5f8a7208dbb00dd36/websockets-13.1-cp313-cp313-musllinux_1_2_x86_64.whl", hash = "sha256:70c5be9f416aa72aab7a2a76c90ae0a4fe2755c1816c153c1a2bcc3333ce4ce6", size = 164732 },
    { url = "https://files.pythonhosted.org/packages/35/c6/12e3aab52c11aeb289e3dbbc05929e7a9d90d7a9173958477d3ef4f8ce2d/websockets-13.1-cp313-cp313-win32.whl", hash = "sha256:624459daabeb310d3815b276c1adef475b3e6804abaf2d9d2c061c319f7f187d", size = 158709 },
    { url = "https://files.pythonhosted.org/packages/41/d8/63d6194aae711d7263df4498200c690a9c39fb437ede10f3e157a6343e0d/websockets-13.1-cp313-cp313-win_amd64.whl", hash = "sha256:c518e84bb59c2baae725accd355c8dc517b4a3ed8db88b4bc93c78dae2974bf2", size = 159144 },
    { url = "https://files.pythonhosted.org/packages/56/27/96a5cd2626d11c8280656c6c71d8ab50fe006490ef9971ccd154e0c42cd2/websockets-13.1-py3-none-any.whl", hash = "sha256:a9a396a6ad26130cdae92ae10c36af09d9bfe6cafe69670fd3b6da9b07b4044f", size = 152134 },
]

[[package]]
name = "wrapt"
version = "1.16.0"
source = { registry = "https://pypi.org/simple" }
sdist = { url = "https://files.pythonhosted.org/packages/95/4c/063a912e20bcef7124e0df97282a8af3ff3e4b603ce84c481d6d7346be0a/wrapt-1.16.0.tar.gz", hash = "sha256:5f370f952971e7d17c7d1ead40e49f32345a7f7a5373571ef44d800d06b1899d", size = 53972 }
wheels = [
    { url = "https://files.pythonhosted.org/packages/92/17/224132494c1e23521868cdd57cd1e903f3b6a7ba6996b7b8f077ff8ac7fe/wrapt-1.16.0-cp312-cp312-macosx_10_9_x86_64.whl", hash = "sha256:5eb404d89131ec9b4f748fa5cfb5346802e5ee8836f57d516576e61f304f3b7b", size = 37614 },
    { url = "https://files.pythonhosted.org/packages/6a/d7/cfcd73e8f4858079ac59d9db1ec5a1349bc486ae8e9ba55698cc1f4a1dff/wrapt-1.16.0-cp312-cp312-macosx_11_0_arm64.whl", hash = "sha256:9090c9e676d5236a6948330e83cb89969f433b1943a558968f659ead07cb3b36", size = 38316 },
    { url = "https://files.pythonhosted.org/packages/7e/79/5ff0a5c54bda5aec75b36453d06be4f83d5cd4932cc84b7cb2b52cee23e2/wrapt-1.16.0-cp312-cp312-manylinux_2_17_aarch64.manylinux2014_aarch64.whl", hash = "sha256:94265b00870aa407bd0cbcfd536f17ecde43b94fb8d228560a1e9d3041462d73", size = 86322 },
    { url = "https://files.pythonhosted.org/packages/c4/81/e799bf5d419f422d8712108837c1d9bf6ebe3cb2a81ad94413449543a923/wrapt-1.16.0-cp312-cp312-manylinux_2_5_i686.manylinux1_i686.manylinux_2_17_i686.manylinux2014_i686.whl", hash = "sha256:f2058f813d4f2b5e3a9eb2eb3faf8f1d99b81c3e51aeda4b168406443e8ba809", size = 79055 },
    { url = "https://files.pythonhosted.org/packages/62/62/30ca2405de6a20448ee557ab2cd61ab9c5900be7cbd18a2639db595f0b98/wrapt-1.16.0-cp312-cp312-manylinux_2_5_x86_64.manylinux1_x86_64.manylinux_2_17_x86_64.manylinux2014_x86_64.whl", hash = "sha256:98b5e1f498a8ca1858a1cdbffb023bfd954da4e3fa2c0cb5853d40014557248b", size = 87291 },
    { url = "https://files.pythonhosted.org/packages/49/4e/5d2f6d7b57fc9956bf06e944eb00463551f7d52fc73ca35cfc4c2cdb7aed/wrapt-1.16.0-cp312-cp312-musllinux_1_1_aarch64.whl", hash = "sha256:14d7dc606219cdd7405133c713f2c218d4252f2a469003f8c46bb92d5d095d81", size = 90374 },
    { url = "https://files.pythonhosted.org/packages/a6/9b/c2c21b44ff5b9bf14a83252a8b973fb84923764ff63db3e6dfc3895cf2e0/wrapt-1.16.0-cp312-cp312-musllinux_1_1_i686.whl", hash = "sha256:49aac49dc4782cb04f58986e81ea0b4768e4ff197b57324dcbd7699c5dfb40b9", size = 83896 },
    { url = "https://files.pythonhosted.org/packages/14/26/93a9fa02c6f257df54d7570dfe8011995138118d11939a4ecd82cb849613/wrapt-1.16.0-cp312-cp312-musllinux_1_1_x86_64.whl", hash = "sha256:418abb18146475c310d7a6dc71143d6f7adec5b004ac9ce08dc7a34e2babdc5c", size = 91738 },
    { url = "https://files.pythonhosted.org/packages/a2/5b/4660897233eb2c8c4de3dc7cefed114c61bacb3c28327e64150dc44ee2f6/wrapt-1.16.0-cp312-cp312-win32.whl", hash = "sha256:685f568fa5e627e93f3b52fda002c7ed2fa1800b50ce51f6ed1d572d8ab3e7fc", size = 35568 },
    { url = "https://files.pythonhosted.org/packages/5c/cc/8297f9658506b224aa4bd71906447dea6bb0ba629861a758c28f67428b91/wrapt-1.16.0-cp312-cp312-win_amd64.whl", hash = "sha256:dcdba5c86e368442528f7060039eda390cc4091bfd1dca41e8046af7c910dda8", size = 37653 },
    { url = "https://files.pythonhosted.org/packages/ff/21/abdedb4cdf6ff41ebf01a74087740a709e2edb146490e4d9beea054b0b7a/wrapt-1.16.0-py3-none-any.whl", hash = "sha256:6906c4100a8fcbf2fa735f6059214bb13b97f75b1a61777fcf6432121ef12ef1", size = 23362 },
]

[[package]]
name = "zendriver"
version = "0.1.5"
source = { registry = "https://pypi.org/simple" }
dependencies = [
    { name = "asyncio-atexit" },
    { name = "deprecated" },
    { name = "mss" },
    { name = "websockets" },
]
sdist = { url = "https://files.pythonhosted.org/packages/9c/9e/97eb438bf144f08b3261d9e1119dd67c8ff53209e2b21c69713dc465589d/zendriver-0.1.5.tar.gz", hash = "sha256:bd3aa8d4017f77a469ad437dbc217cbfc9011bf17bef84e33c82b1458b030058", size = 348450 }
wheels = [
    { url = "https://files.pythonhosted.org/packages/52/73/68ae9536d58f7f47b1d70da321a61e13b7ba5b90ac560ceec6a0817245a5/zendriver-0.1.5-py3-none-any.whl", hash = "sha256:e86ada324911c22cb4f05e802c29187d813dfebcedbbe0f02b4be1d6f8bac883", size = 317278 },
]

[[package]]
name = "zendriver-docker-example"
version = "0.1.0"
source = { virtual = "." }
dependencies = [
    { name = "zendriver" },
]

[package.dev-dependencies]
dev = [
    { name = "mypy" },
    { name = "ruff" },
]

[package.metadata]
requires-dist = [{ name = "zendriver", specifier = ">=0.1.5" }]

[package.metadata.requires-dev]
dev = [
    { name = "mypy", specifier = ">=1.13.0" },
    { name = "ruff", specifier = ">=0.7.4" },
]
